
Microsoft Visual Studio Solution File, Format Version 12.00
# Visual Studio 15
VisualStudioVersion = 15.0.27428.2005
MinimumVisualStudioVersion = 10.0.40219.1
Project("{FAE04EC0-301F-11D3-BF4B-00C04F79EFBC}") = "Csk.Palindrome", "Csk.Palindrome\Csk.Palindrome.csproj", "{95F49318-CA7F-4038-B203-5730529F8979}"
EndProject
Project("{FAE04EC0-301F-11D3-BF4B-00C04F79EFBC}") = "Csk.Palindrome.Tests", "Csk.Palindrome.Tests\Csk.Palindrome.Tests.csproj", "{26CBE1A8-1034-4EEA-8E8C-2B362F1339C3}"
EndProject
Global
	GlobalSection(SolutionConfigurationPlatforms) = preSolution
		Debug|Any CPU = Debug|Any CPU
		Release|Any CPU = Release|Any CPU
	EndGlobalSection
	GlobalSection(ProjectConfigurationPlatforms) = postSolution
		{95F49318-CA7F-4038-B203-5730529F8979}.Debug|Any CPU.ActiveCfg = Debug|Any CPU
		{95F49318-CA7F-4038-B203-5730529F8979}.Debug|Any CPU.Build.0 = Debug|Any CPU
		{95F49318-CA7F-4038-B203-5730529F8979}.Release|Any CPU.ActiveCfg = Release|Any CPU
		{95F49318-CA7F-4038-B203-5730529F8979}.Release|Any CPU.Build.0 = Release|Any CPU
		{26CBE1A8-1034-4EEA-8E8C-2B362F1339C3}.Debug|Any CPU.ActiveCfg = Debug|Any CPU
		{26CBE1A8-1034-4EEA-8E8C-2B362F1339C3}.Debug|Any CPU.Build.0 = Debug|Any CPU
		{26CBE1A8-1034-4EEA-8E8C-2B362F1339C3}.Release|Any CPU.ActiveCfg = Release|Any CPU
		{26CBE1A8-1034-4EEA-8E8C-2B362F1339C3}.Release|Any CPU.Build.0 = Release|Any CPU
	EndGlobalSection
	GlobalSection(SolutionProperties) = preSolution
		HideSolutionNode = FALSE
	EndGlobalSection
	GlobalSection(ExtensibilityGlobals) = postSolution
		SolutionGuid = {F5C0E30D-F896-4AEB-8E89-80F1618A3194}
	EndGlobalSection
EndGlobal
